
Microsoft Visual Studio Solution File, Format Version 12.00
Project("{FAE04EC0-301F-11D3-BF4B-00C04F79EFBC}") = "MPesa", "MPesa\MPesa.csproj", "{6143781F-168E-462C-BDFE-AE76A544F803}"
EndProject
Project("{FAE04EC0-301F-11D3-BF4B-00C04F79EFBC}") = "Example", "Example\Example.csproj", "{078F0512-D0D2-4B60-89DD-4E872EC4DC4C}"
EndProject
Global
	GlobalSection(SolutionConfigurationPlatforms) = preSolution
		Debug|Any CPU = Debug|Any CPU
		Release|Any CPU = Release|Any CPU
	EndGlobalSection
	GlobalSection(ProjectConfigurationPlatforms) = postSolution
		{6143781F-168E-462C-BDFE-AE76A544F803}.Debug|Any CPU.ActiveCfg = Debug|Any CPU
		{6143781F-168E-462C-BDFE-AE76A544F803}.Debug|Any CPU.Build.0 = Debug|Any CPU
		{6143781F-168E-462C-BDFE-AE76A544F803}.Release|Any CPU.ActiveCfg = Release|Any CPU
		{6143781F-168E-462C-BDFE-AE76A544F803}.Release|Any CPU.Build.0 = Release|Any CPU
		{078F0512-D0D2-4B60-89DD-4E872EC4DC4C}.Debug|Any CPU.ActiveCfg = Debug|Any CPU
		{078F0512-D0D2-4B60-89DD-4E872EC4DC4C}.Debug|Any CPU.Build.0 = Debug|Any CPU
		{078F0512-D0D2-4B60-89DD-4E872EC4DC4C}.Release|Any CPU.ActiveCfg = Release|Any CPU
		{078F0512-D0D2-4B60-89DD-4E872EC4DC4C}.Release|Any CPU.Build.0 = Release|Any CPU
	EndGlobalSection
EndGlobal
