
Microsoft Visual Studio Solution File, Format Version 12.00
# Visual Studio Version 16
VisualStudioVersion = 16.0.810.7
MinimumVisualStudioVersion = 10.0.40219.1
Project("{FAE04EC0-301F-11D3-BF4B-00C04F79EFBC}") = "MPesa", "MPesa.csproj", "{086DC783-1060-4E2B-BF2C-E60106CF2767}"
EndProject
Global
	GlobalSection(SolutionConfigurationPlatforms) = preSolution
		Debug|Any CPU = Debug|Any CPU
		Release|Any CPU = Release|Any CPU
	EndGlobalSection
	GlobalSection(ProjectConfigurationPlatforms) = postSolution
		{086DC783-1060-4E2B-BF2C-E60106CF2767}.Debug|Any CPU.ActiveCfg = Debug|Any CPU
		{086DC783-1060-4E2B-BF2C-E60106CF2767}.Debug|Any CPU.Build.0 = Debug|Any CPU
		{086DC783-1060-4E2B-BF2C-E60106CF2767}.Release|Any CPU.ActiveCfg = Release|Any CPU
		{086DC783-1060-4E2B-BF2C-E60106CF2767}.Release|Any CPU.Build.0 = Release|Any CPU
	EndGlobalSection
	GlobalSection(SolutionProperties) = preSolution
		HideSolutionNode = FALSE
	EndGlobalSection
	GlobalSection(ExtensibilityGlobals) = postSolution
		SolutionGuid = {FF203607-9773-4C35-997E-2052DC3149A5}
	EndGlobalSection
EndGlobal
